
Microsoft Visual Studio Solution File, Format Version 12.00
# Visual Studio Version 16
VisualStudioVersion = 16.0.29409.12
MinimumVisualStudioVersion = 10.0.40219.1
Project("{FAE04EC0-301F-11D3-BF4B-00C04F79EFBC}") = "KeyboardServer", "KeyboardServer\KeyboardServer.csproj", "{1D03C5F4-32BF-4DB8-A9D1-B5A6DB4B4EA0}"
EndProject
Project("{FAE04EC0-301F-11D3-BF4B-00C04F79EFBC}") = "KeyboardClient", "KeyboardClient\KeyboardClient.csproj", "{6C2FD827-4232-499D-A40F-2525A740C9E1}"
EndProject
Project("{54435603-DBB4-11D2-8724-00A0C9A8B90C}") = "Setup", "Setup\Setup.vdproj", "{014442CF-B7F9-4FBB-8C96-F36567606D77}"
EndProject
Global
	GlobalSection(SolutionConfigurationPlatforms) = preSolution
		Debug|Any CPU = Debug|Any CPU
		Release|Any CPU = Release|Any CPU
	EndGlobalSection
	GlobalSection(ProjectConfigurationPlatforms) = postSolution
		{1D03C5F4-32BF-4DB8-A9D1-B5A6DB4B4EA0}.Debug|Any CPU.ActiveCfg = Debug|Any CPU
		{1D03C5F4-32BF-4DB8-A9D1-B5A6DB4B4EA0}.Debug|Any CPU.Build.0 = Debug|Any CPU
		{1D03C5F4-32BF-4DB8-A9D1-B5A6DB4B4EA0}.Release|Any CPU.ActiveCfg = Release|Any CPU
		{1D03C5F4-32BF-4DB8-A9D1-B5A6DB4B4EA0}.Release|Any CPU.Build.0 = Release|Any CPU
		{6C2FD827-4232-499D-A40F-2525A740C9E1}.Debug|Any CPU.ActiveCfg = Debug|Any CPU
		{6C2FD827-4232-499D-A40F-2525A740C9E1}.Debug|Any CPU.Build.0 = Debug|Any CPU
		{6C2FD827-4232-499D-A40F-2525A740C9E1}.Release|Any CPU.ActiveCfg = Release|Any CPU
		{6C2FD827-4232-499D-A40F-2525A740C9E1}.Release|Any CPU.Build.0 = Release|Any CPU
		{014442CF-B7F9-4FBB-8C96-F36567606D77}.Debug|Any CPU.ActiveCfg = Debug
		{014442CF-B7F9-4FBB-8C96-F36567606D77}.Release|Any CPU.ActiveCfg = Release
	EndGlobalSection
	GlobalSection(SolutionProperties) = preSolution
		HideSolutionNode = FALSE
	EndGlobalSection
	GlobalSection(ExtensibilityGlobals) = postSolution
		SolutionGuid = {AABEAD27-FEF3-42FB-96A0-857FDFF758FF}
	EndGlobalSection
EndGlobal
